<Solution>
  <Project Path="RoomBooking.Api.Tests/RoomBooking.Api.Tests.csproj" />
  <Project Path="RoomBooking.Api/RoomBooking.Api.csproj" />
  <Project Path="RoomBookingApp.Core.Tests/RoomBookingApp.Core.Tests.csproj" />
  <Project Path="RoomBookingApp.Core/RoomBookingApp.Core.csproj" />
  <Project Path="RoomBookingApp.Domain/RoomBookingApp.Domain.csproj" />
  <Project Path="RoomBookingApp.Persistence.Tests/RoomBookingApp.Persistence.Tests.csproj" />
  <Project Path="RoomBookingApp.Persistence/RoomBookingApp.Persistence.csproj" />
</Solution>
